
Microsoft Visual Studio Solution File, Format Version 12.00
Project("{FAE04EC0-301F-11D3-BF4B-00C04F79EFBC}") = "ProductService", "Microservices\ProductService\ProductService.csproj", "{B834AE84-E701-4F8E-91EA-EC79504650FE}"
EndProject
Project("{FAE04EC0-301F-11D3-BF4B-00C04F79EFBC}") = "CartService", "Microservices\CartService\CartService.csproj", "{1101F622-0555-4011-BEFC-F48427A45D04}"
EndProject
Project("{FAE04EC0-301F-11D3-BF4B-00C04F79EFBC}") = "AuthService", "Microservices\AuthService\AuthService.csproj", "{2A1B9B93-69C6-4281-AEEA-0132FEA31EF1}"
EndProject
Project("{FAE04EC0-301F-11D3-BF4B-00C04F79EFBC}") = "UserService", "Microservices\UserService\UserService.csproj", "{9B7073B9-D136-4F18-B085-22381C19BB9B}"
EndProject
Project("{FAE04EC0-301F-11D3-BF4B-00C04F79EFBC}") = "ProductControllerTest", "Tests\ProductControllerTest\ProductControllerTest.csproj", "{6A3FA3ED-11A3-4270-A9B8-387E7775DD9A}"
EndProject
Global
	GlobalSection(SolutionConfigurationPlatforms) = preSolution
		Debug|Any CPU = Debug|Any CPU
		Release|Any CPU = Release|Any CPU
	EndGlobalSection
	GlobalSection(ProjectConfigurationPlatforms) = postSolution
		{B834AE84-E701-4F8E-91EA-EC79504650FE}.Debug|Any CPU.ActiveCfg = Debug|Any CPU
		{B834AE84-E701-4F8E-91EA-EC79504650FE}.Debug|Any CPU.Build.0 = Debug|Any CPU
		{B834AE84-E701-4F8E-91EA-EC79504650FE}.Release|Any CPU.ActiveCfg = Release|Any CPU
		{B834AE84-E701-4F8E-91EA-EC79504650FE}.Release|Any CPU.Build.0 = Release|Any CPU
		{1101F622-0555-4011-BEFC-F48427A45D04}.Debug|Any CPU.ActiveCfg = Debug|Any CPU
		{1101F622-0555-4011-BEFC-F48427A45D04}.Debug|Any CPU.Build.0 = Debug|Any CPU
		{1101F622-0555-4011-BEFC-F48427A45D04}.Release|Any CPU.ActiveCfg = Release|Any CPU
		{1101F622-0555-4011-BEFC-F48427A45D04}.Release|Any CPU.Build.0 = Release|Any CPU
		{2A1B9B93-69C6-4281-AEEA-0132FEA31EF1}.Debug|Any CPU.ActiveCfg = Debug|Any CPU
		{2A1B9B93-69C6-4281-AEEA-0132FEA31EF1}.Debug|Any CPU.Build.0 = Debug|Any CPU
		{2A1B9B93-69C6-4281-AEEA-0132FEA31EF1}.Release|Any CPU.ActiveCfg = Release|Any CPU
		{2A1B9B93-69C6-4281-AEEA-0132FEA31EF1}.Release|Any CPU.Build.0 = Release|Any CPU
		{9B7073B9-D136-4F18-B085-22381C19BB9B}.Debug|Any CPU.ActiveCfg = Debug|Any CPU
		{9B7073B9-D136-4F18-B085-22381C19BB9B}.Debug|Any CPU.Build.0 = Debug|Any CPU
		{9B7073B9-D136-4F18-B085-22381C19BB9B}.Release|Any CPU.ActiveCfg = Release|Any CPU
		{9B7073B9-D136-4F18-B085-22381C19BB9B}.Release|Any CPU.Build.0 = Release|Any CPU
		{6A3FA3ED-11A3-4270-A9B8-387E7775DD9A}.Debug|Any CPU.ActiveCfg = Debug|Any CPU
		{6A3FA3ED-11A3-4270-A9B8-387E7775DD9A}.Debug|Any CPU.Build.0 = Debug|Any CPU
		{6A3FA3ED-11A3-4270-A9B8-387E7775DD9A}.Release|Any CPU.ActiveCfg = Release|Any CPU
		{6A3FA3ED-11A3-4270-A9B8-387E7775DD9A}.Release|Any CPU.Build.0 = Release|Any CPU
	EndGlobalSection
EndGlobal
